// !$*UTF8*$!
{
	archiveVersion = 1;
	classes = {
	};
	objectVersion = 77;
	objects = {

/* Begin PBXContainerItemProxy section */
		4100C9492DC4685300C0D7B9 /* PBXContainerItemProxy */ = {
			isa = PBXContainerItemProxy;
			containerPortal = 4100C9332DC4684C00C0D7B9 /* Project object */;
			proxyType = 1;
			remoteGlobalIDString = 4100C93A2DC4684C00C0D7B9;
			remoteInfo = "ios-language";
		};
		4100C9532DC4685300C0D7B9 /* PBXContainerItemProxy */ = {
			isa = PBXContainerItemProxy;
			containerPortal = 4100C9332DC4684C00C0D7B9 /* Project object */;
			proxyType = 1;
			remoteGlobalIDString = 4100C93A2DC4684C00C0D7B9;
			remoteInfo = "ios-language";
		};
/* End PBXContainerItemProxy section */

/* Begin PBXFileReference section */
		4100C93B2DC4684C00C0D7B9 /* ios-language.app */ = {isa = PBXFileReference; explicitFileType = wrapper.application; includeInIndex = 0; path = "ios-language.app"; sourceTree = BUILT_PRODUCTS_DIR; };
		4100C9482DC4685300C0D7B9 /* ios-languageTests.xctest */ = {isa = PBXFileReference; explicitFileType = wrapper.cfbundle; includeInIndex = 0; path = "ios-languageTests.xctest"; sourceTree = BUILT_PRODUCTS_DIR; };
		4100C9522DC4685300C0D7B9 /* ios-languageUITests.xctest */ = {isa = PBXFileReference; explicitFileType = wrapper.cfbundle; includeInIndex = 0; path = "ios-languageUITests.xctest"; sourceTree = BUILT_PRODUCTS_DIR; };
/* End PBXFileReference section */

/* Begin PBXFileSystemSynchronizedRootGroup section */
		4100C93D2DC4684C00C0D7B9 /* ios-language */ = {
			isa = PBXFileSystemSynchronizedRootGroup;
			path = "ios-language";
			sourceTree = "<group>";
		};
		4100C94B2DC4685300C0D7B9 /* ios-languageTests */ = {
			isa = PBXFileSystemSynchronizedRootGroup;
			path = "ios-languageTests";
			sourceTree = "<group>";
		};
		4100C9552DC4685300C0D7B9 /* ios-languageUITests */ = {
			isa = PBXFileSystemSynchronizedRootGroup;
			path = "ios-languageUITests";
			sourceTree = "<group>";
		};
/* End PBXFileSystemSynchronizedRootGroup section */

/* Begin PBXFrameworksBuildPhase section */
		4100C9382DC4684C00C0D7B9 /* Frameworks */ = {
			isa = PBXFrameworksBuildPhase;
			buildActionMask = 2147483647;
			files = (
			);
			runOnlyForDeploymentPostprocessing = 0;
		};
		4100C9452DC4685300C0D7B9 /* Frameworks */ = {
			isa = PBXFrameworksBuildPhase;
			buildActionMask = 2147483647;
			files = (
			);
			runOnlyForDeploymentPostprocessing = 0;
		};
		4100C94F2DC4685300C0D7B9 /* Frameworks */ = {
			isa = PBXFrameworksBuildPhase;
			buildActionMask = 2147483647;
			files = (
			);
			runOnlyForDeploymentPostprocessing = 0;
		};
/* End PBXFrameworksBuildPhase section */

/* Begin PBXGroup section */
		4100C9322DC4684C00C0D7B9 = {
			isa = PBXGroup;
			children = (
				4100C93D2DC4684C00C0D7B9 /* ios-language */,
				4100C94B2DC4685300C0D7B9 /* ios-languageTests */,
				4100C9552DC4685300C0D7B9 /* ios-languageUITests */,
				4100C93C2DC4684C00C0D7B9 /* Products */,
			);
			sourceTree = "<group>";
		};
		4100C93C2DC4684C00C0D7B9 /* Products */ = {
			isa = PBXGroup;
			children = (
				4100C93B2DC4684C00C0D7B9 /* ios-language.app */,
				4100C9482DC4685300C0D7B9 /* ios-languageTests.xctest */,
				4100C9522DC4685300C0D7B9 /* ios-languageUITests.xctest */,
			);
			name = Products;
			sourceTree = "<group>";
		};
/* End PBXGroup section */

/* Begin PBXNativeTarget section */
		4100C93A2DC4684C00C0D7B9 /* ios-language */ = {
			isa = PBXNativeTarget;
			buildConfigurationList = 4100C95C2DC4685300C0D7B9 /* Build configuration list for PBXNativeTarget "ios-language" */;
			buildPhases = (
				4100C9372DC4684C00C0D7B9 /* Sources */,
				4100C9382DC4684C00C0D7B9 /* Frameworks */,
				4100C9392DC4684C00C0D7B9 /* Resources */,
			);
			buildRules = (
			);
			dependencies = (
			);
			fileSystemSynchronizedGroups = (
				4100C93D2DC4684C00C0D7B9 /* ios-language */,
			);
			name = "ios-language";
			packageProductDependencies = (
			);
			productName = "ios-language";
			productReference = 4100C93B2DC4684C00C0D7B9 /* ios-language.app */;
			productType = "com.apple.product-type.application";
		};
		4100C9472DC4685300C0D7B9 /* ios-languageTests */ = {
			isa = PBXNativeTarget;
			buildConfigurationList = 4100C95F2DC4685300C0D7B9 /* Build configuration list for PBXNativeTarget "ios-languageTests" */;
			buildPhases = (
				4100C9442DC4685300C0D7B9 /* Sources */,
				4100C9452DC4685300C0D7B9 /* Frameworks */,
				4100C9462DC4685300C0D7B9 /* Resources */,
			);
			buildRules = (
			);
			dependencies = (
				4100C94A2DC4685300C0D7B9 /* PBXTargetDependency */,
			);
			fileSystemSynchronizedGroups = (
				4100C94B2DC4685300C0D7B9 /* ios-languageTests */,
			);
			name = "ios-languageTests";
			packageProductDependencies = (
			);
			productName = "ios-languageTests";
			productReference = 4100C9482DC4685300C0D7B9 /* ios-languageTests.xctest */;
			productType = "com.apple.product-type.bundle.unit-test";
		};
		4100C9512DC4685300C0D7B9 /* ios-languageUITests */ = {
			isa = PBXNativeTarget;
			buildConfigurationList = 4100C9622DC4685300C0D7B9 /* Build configuration list for PBXNativeTarget "ios-languageUITests" */;
			buildPhases = (
				4100C94E2DC4685300C0D7B9 /* Sources */,
				4100C94F2DC4685300C0D7B9 /* Frameworks */,
				4100C9502DC4685300C0D7B9 /* Resources */,
			);
			buildRules = (
			);
			dependencies = (
				4100C9542DC4685300C0D7B9 /* PBXTargetDependency */,
			);
			fileSystemSynchronizedGroups = (
				4100C9552DC4685300C0D7B9 /* ios-languageUITests */,
			);
			name = "ios-languageUITests";
			packageProductDependencies = (
			);
			productName = "ios-languageUITests";
			productReference = 4100C9522DC4685300C0D7B9 /* ios-languageUITests.xctest */;
			productType = "com.apple.product-type.bundle.ui-testing";
		};
/* End PBXNativeTarget section */

/* Begin PBXProject section */
		4100C9332DC4684C00C0D7B9 /* Project object */ = {
			isa = PBXProject;
			attributes = {
				BuildIndependentTargetsInParallel = 1;
				LastSwiftUpdateCheck = 1630;
				LastUpgradeCheck = 1630;
				TargetAttributes = {
					4100C93A2DC4684C00C0D7B9 = {
						CreatedOnToolsVersion = 16.3;
					};
					4100C9472DC4685300C0D7B9 = {
						CreatedOnToolsVersion = 16.3;
						TestTargetID = 4100C93A2DC4684C00C0D7B9;
					};
					4100C9512DC4685300C0D7B9 = {
						CreatedOnToolsVersion = 16.3;
						TestTargetID = 4100C93A2DC4684C00C0D7B9;
					};
				};
			};
			buildConfigurationList = 4100C9362DC4684C00C0D7B9 /* Build configuration list for PBXProject "ios-language" */;
			developmentRegion = en;
			hasScannedForEncodings = 0;
			knownRegions = (
				en,
				Base,
			);
			mainGroup = 4100C9322DC4684C00C0D7B9;
			minimizedProjectReferenceProxies = 1;
			preferredProjectObjectVersion = 77;
			productRefGroup = 4100C93C2DC4684C00C0D7B9 /* Products */;
			projectDirPath = "";
			projectRoot = "";
			targets = (
				4100C93A2DC4684C00C0D7B9 /* ios-language */,
				4100C9472DC4685300C0D7B9 /* ios-languageTests */,
				4100C9512DC4685300C0D7B9 /* ios-languageUITests */,
			);
		};
/* End PBXProject section */

/* Begin PBXResourcesBuildPhase section */
		4100C9392DC4684C00C0D7B9 /* Resources */ = {
			isa = PBXResourcesBuildPhase;
			buildActionMask = 2147483647;
			files = (
			);
			runOnlyForDeploymentPostprocessing = 0;
		};
		4100C9462DC4685300C0D7B9 /* Resources */ = {
			isa = PBXResourcesBuildPhase;
			buildActionMask = 2147483647;
			files = (
			);
			runOnlyForDeploymentPostprocessing = 0;
		};
		4100C9502DC4685300C0D7B9 /* Resources */ = {
			isa = PBXResourcesBuildPhase;
			buildActionMask = 2147483647;
			files = (
			);
			runOnlyForDeploymentPostprocessing = 0;
		};
/* End PBXResourcesBuildPhase section */

/* Begin PBXSourcesBuildPhase section */
		4100C9372DC4684C00C0D7B9 /* Sources */ = {
			isa = PBXSourcesBuildPhase;
			buildActionMask = 2147483647;
			files = (
			);
			runOnlyForDeploymentPostprocessing = 0;
		};
		4100C9442DC4685300C0D7B9 /* Sources */ = {
			isa = PBXSourcesBuildPhase;
			buildActionMask = 2147483647;
			files = (
			);
			runOnlyForDeploymentPostprocessing = 0;
		};
		4100C94E2DC4685300C0D7B9 /* Sources */ = {
			isa = PBXSourcesBuildPhase;
			buildActionMask = 2147483647;
			files = (
			);
			runOnlyForDeploymentPostprocessing = 0;
		};
/* End PBXSourcesBuildPhase section */

/* Begin PBXTargetDependency section */
		4100C94A2DC4685300C0D7B9 /* PBXTargetDependency */ = {
			isa = PBXTargetDependency;
			target = 4100C93A2DC4684C00C0D7B9 /* ios-language */;
			targetProxy = 4100C9492DC4685300C0D7B9 /* PBXContainerItemProxy */;
		};
		4100C9542DC4685300C0D7B9 /* PBXTargetDependency */ = {
			isa = PBXTargetDependency;
			target = 4100C93A2DC4684C00C0D7B9 /* ios-language */;
			targetProxy = 4100C9532DC4685300C0D7B9 /* PBXContainerItemProxy */;
		};
/* End PBXTargetDependency section */

/* Begin XCBuildConfiguration section */
		4100C95A2DC4685300C0D7B9 /* Debug */ = {
			isa = XCBuildConfiguration;
			buildSettings = {
				ALWAYS_SEARCH_USER_PATHS = NO;
				ASSETCATALOG_COMPILER_GENERATE_SWIFT_ASSET_SYMBOL_EXTENSIONS = YES;
				CLANG_ANALYZER_NONNULL = YES;
				CLANG_ANALYZER_NUMBER_OBJECT_CONVERSION = YES_AGGRESSIVE;
				CLANG_CXX_LANGUAGE_STANDARD = "gnu++20";
				CLANG_ENABLE_MODULES = YES;
				CLANG_ENABLE_OBJC_ARC = YES;
				CLANG_ENABLE_OBJC_WEAK = YES;
				CLANG_WARN_BLOCK_CAPTURE_AUTORELEASING = YES;
				CLANG_WARN_BOOL_CONVERSION = YES;
				CLANG_WARN_COMMA = YES;
				CLANG_WARN_CONSTANT_CONVERSION = YES;
				CLANG_WARN_DEPRECATED_OBJC_IMPLEMENTATIONS = YES;
				CLANG_WARN_DIRECT_OBJC_ISA_USAGE = YES_ERROR;
				CLANG_WARN_DOCUMENTATION_COMMENTS = YES;
				CLANG_WARN_EMPTY_BODY = YES;
				CLANG_WARN_ENUM_CONVERSION = YES;
				CLANG_WARN_INFINITE_RECURSION = YES;
				CLANG_WARN_INT_CONVERSION = YES;
				CLANG_WARN_NON_LITERAL_NULL_CONVERSION = YES;
				CLANG_WARN_OBJC_IMPLICIT_RETAIN_SELF = YES;
				CLANG_WARN_OBJC_LITERAL_CONVERSION = YES;
				CLANG_WARN_OBJC_ROOT_CLASS = YES_ERROR;
				CLANG_WARN_QUOTED_INCLUDE_IN_FRAMEWORK_HEADER = YES;
				CLANG_WARN_RANGE_LOOP_ANALYSIS = YES;
				CLANG_WARN_STRICT_PROTOTYPES = YES;
				CLANG_WARN_SUSPICIOUS_MOVE = YES;
				CLANG_WARN_UNGUARDED_AVAILABILITY = YES_AGGRESSIVE;
				CLANG_WARN_UNREACHABLE_CODE = YES;
				CLANG_WARN__DUPLICATE_METHOD_MATCH = YES;
				COPY_PHASE_STRIP = NO;
				DEBUG_INFORMATION_FORMAT = dwarf;
				ENABLE_STRICT_OBJC_MSGSEND = YES;
				ENABLE_TESTABILITY = YES;
				ENABLE_USER_SCRIPT_SANDBOXING = YES;
				GCC_C_LANGUAGE_STANDARD = gnu17;
				GCC_DYNAMIC_NO_PIC = NO;
				GCC_NO_COMMON_BLOCKS = YES;
				GCC_OPTIMIZATION_LEVEL = 0;
				GCC_PREPROCESSOR_DEFINITIONS = (
					"DEBUG=1",
					"$(inherited)",
				);
				GCC_WARN_64_TO_32_BIT_CONVERSION = YES;
				GCC_WARN_ABOUT_RETURN_TYPE = YES_ERROR;
				GCC_WARN_UNDECLARED_SELECTOR = YES;
				GCC_WARN_UNINITIALIZED_AUTOS = YES_AGGRESSIVE;
				GCC_WARN_UNUSED_FUNCTION = YES;
				GCC_WARN_UNUSED_VARIABLE = YES;
				IPHONEOS_DEPLOYMENT_TARGET = 18.4;
				LOCALIZATION_PREFERS_STRING_CATALOGS = YES;
				MTL_ENABLE_DEBUG_INFO = INCLUDE_SOURCE;
				MTL_FAST_MATH = YES;
				ONLY_ACTIVE_ARCH = YES;
				SDKROOT = iphoneos;
				SWIFT_ACTIVE_COMPILATION_CONDITIONS = "DEBUG $(inherited)";
				SWIFT_OPTIMIZATION_LEVEL = "-Onone";
			};
			name = Debug;
		};
		4100C95B2DC4685300C0D7B9 /* Release */ = {
			isa = XCBuildConfiguration;
			buildSettings = {
				ALWAYS_SEARCH_USER_PATHS = NO;
				ASSETCATALOG_COMPILER_GENERATE_SWIFT_ASSET_SYMBOL_EXTENSIONS = YES;
				CLANG_ANALYZER_NONNULL = YES;
				CLANG_ANALYZER_NUMBER_OBJECT_CONVERSION = YES_AGGRESSIVE;
				CLANG_CXX_LANGUAGE_STANDARD = "gnu++20";
				CLANG_ENABLE_MODULES = YES;
				CLANG_ENABLE_OBJC_ARC = YES;
				CLANG_ENABLE_OBJC_WEAK = YES;
				CLANG_WARN_BLOCK_CAPTURE_AUTORELEASING = YES;
				CLANG_WARN_BOOL_CONVERSION = YES;
				CLANG_WARN_COMMA = YES;
				CLANG_WARN_CONSTANT_CONVERSION = YES;
				CLANG_WARN_DEPRECATED_OBJC_IMPLEMENTATIONS = YES;
				CLANG_WARN_DIRECT_OBJC_ISA_USAGE = YES_ERROR;
				CLANG_WARN_DOCUMENTATION_COMMENTS = YES;
				CLANG_WARN_EMPTY_BODY = YES;
				CLANG_WARN_ENUM_CONVERSION = YES;
				CLANG_WARN_INFINITE_RECURSION = YES;
				CLANG_WARN_INT_CONVERSION = YES;
				CLANG_WARN_NON_LITERAL_NULL_CONVERSION = YES;
				CLANG_WARN_OBJC_IMPLICIT_RETAIN_SELF = YES;
				CLANG_WARN_OBJC_LITERAL_CONVERSION = YES;
				CLANG_WARN_OBJC_ROOT_CLASS = YES_ERROR;
				CLANG_WARN_QUOTED_INCLUDE_IN_FRAMEWORK_HEADER = YES;
				CLANG_WARN_RANGE_LOOP_ANALYSIS = YES;
				CLANG_WARN_STRICT_PROTOTYPES = YES;
				CLANG_WARN_SUSPICIOUS_MOVE = YES;
				CLANG_WARN_UNGUARDED_AVAILABILITY = YES_AGGRESSIVE;
				CLANG_WARN_UNREACHABLE_CODE = YES;
				CLANG_WARN__DUPLICATE_METHOD_MATCH = YES;
				COPY_PHASE_STRIP = NO;
				DEBUG_INFORMATION_FORMAT = "dwarf-with-dsym";
				ENABLE_NS_ASSERTIONS = NO;
				ENABLE_STRICT_OBJC_MSGSEND = YES;
				ENABLE_USER_SCRIPT_SANDBOXING = YES;
				GCC_C_LANGUAGE_STANDARD = gnu17;
				GCC_NO_COMMON_BLOCKS = YES;
				GCC_WARN_64_TO_32_BIT_CONVERSION = YES;
				GCC_WARN_ABOUT_RETURN_TYPE = YES_ERROR;
				GCC_WARN_UNDECLARED_SELECTOR = YES;
				GCC_WARN_UNINITIALIZED_AUTOS = YES_AGGRESSIVE;
				GCC_WARN_UNUSED_FUNCTION = YES;
				GCC_WARN_UNUSED_VARIABLE = YES;
				IPHONEOS_DEPLOYMENT_TARGET = 18.4;
				LOCALIZATION_PREFERS_STRING_CATALOGS = YES;
				MTL_ENABLE_DEBUG_INFO = NO;
				MTL_FAST_MATH = YES;
				SDKROOT = iphoneos;
				SWIFT_COMPILATION_MODE = wholemodule;
				VALIDATE_PRODUCT = YES;
			};
			name = Release;
		};
		4100C95D2DC4685300C0D7B9 /* Debug */ = {
			isa = XCBuildConfiguration;
			buildSettings = {
				ASSETCATALOG_COMPILER_APPICON_NAME = AppIcon;
				ASSETCATALOG_COMPILER_GLOBAL_ACCENT_COLOR_NAME = AccentColor;
				CODE_SIGN_STYLE = Automatic;
				CURRENT_PROJECT_VERSION = 1;
				ENABLE_PREVIEWS = YES;
				GENERATE_INFOPLIST_FILE = YES;
				INFOPLIST_KEY_UIApplicationSceneManifest_Generation = YES;
				INFOPLIST_KEY_UIApplicationSupportsIndirectInputEvents = YES;
				INFOPLIST_KEY_UILaunchScreen_Generation = YES;
				INFOPLIST_KEY_UISupportedInterfaceOrientations_iPad = "UIInterfaceOrientationPortrait UIInterfaceOrientationPortraitUpsideDown UIInterfaceOrientationLandscapeLeft UIInterfaceOrientationLandscapeRight";
				INFOPLIST_KEY_UISupportedInterfaceOrientations_iPhone = "UIInterfaceOrientationPortrait UIInterfaceOrientationLandscapeLeft UIInterfaceOrientationLandscapeRight";
				LD_RUNPATH_SEARCH_PATHS = (
					"$(inherited)",
					"@executable_path/Frameworks",
				);
				MARKETING_VERSION = 1.0;
				PRODUCT_BUNDLE_IDENTIFIER = "com.tiffanylam.ios-language";
				PRODUCT_NAME = "$(TARGET_NAME)";
				SWIFT_EMIT_LOC_STRINGS = YES;
				SWIFT_VERSION = 5.0;
				TARGETED_DEVICE_FAMILY = "1,2";
			};
			name = Debug;
		};
		4100C95E2DC4685300C0D7B9 /* Release */ = {
			isa = XCBuildConfiguration;
			buildSettings = {
				ASSETCATALOG_COMPILER_APPICON_NAME = AppIcon;
				ASSETCATALOG_COMPILER_GLOBAL_ACCENT_COLOR_NAME = AccentColor;
				CODE_SIGN_STYLE = Automatic;
				CURRENT_PROJECT_VERSION = 1;
				ENABLE_PREVIEWS = YES;
				GENERATE_INFOPLIST_FILE = YES;
				INFOPLIST_KEY_UIApplicationSceneManifest_Generation = YES;
				INFOPLIST_KEY_UIApplicationSupportsIndirectInputEvents = YES;
				INFOPLIST_KEY_UILaunchScreen_Generation = YES;
				INFOPLIST_KEY_UISupportedInterfaceOrientations_iPad = "UIInterfaceOrientationPortrait UIInterfaceOrientationPortraitUpsideDown UIInterfaceOrientationLandscapeLeft UIInterfaceOrientationLandscapeRight";
				INFOPLIST_KEY_UISupportedInterfaceOrientations_iPhone = "UIInterfaceOrientationPortrait UIInterfaceOrientationLandscapeLeft UIInterfaceOrientationLandscapeRight";
				LD_RUNPATH_SEARCH_PATHS = (
					"$(inherited)",
					"@executable_path/Frameworks",
				);
				MARKETING_VERSION = 1.0;
				PRODUCT_BUNDLE_IDENTIFIER = "com.tiffanylam.ios-language";
				PRODUCT_NAME = "$(TARGET_NAME)";
				SWIFT_EMIT_LOC_STRINGS = YES;
				SWIFT_VERSION = 5.0;
				TARGETED_DEVICE_FAMILY = "1,2";
			};
			name = Release;
		};
		4100C9602DC4685300C0D7B9 /* Debug */ = {
			isa = XCBuildConfiguration;
			buildSettings = {
				BUNDLE_LOADER = "$(TEST_HOST)";
				CODE_SIGN_STYLE = Automatic;
				CURRENT_PROJECT_VERSION = 1;
				GENERATE_INFOPLIST_FILE = YES;
				IPHONEOS_DEPLOYMENT_TARGET = 18.4;
				MARKETING_VERSION = 1.0;
				PRODUCT_BUNDLE_IDENTIFIER = "com.tiffanylam.ios-languageTests";
				PRODUCT_NAME = "$(TARGET_NAME)";
				SWIFT_EMIT_LOC_STRINGS = NO;
				SWIFT_VERSION = 5.0;
				TARGETED_DEVICE_FAMILY = "1,2";
				TEST_HOST = "$(BUILT_PRODUCTS_DIR)/ios-language.app/$(BUNDLE_EXECUTABLE_FOLDER_PATH)/ios-language";
			};
			name = Debug;
		};
		4100C9612DC4685300C0D7B9 /* Release */ = {
			isa = XCBuildConfiguration;
			buildSettings = {
				BUNDLE_LOADER = "$(TEST_HOST)";
				CODE_SIGN_STYLE = Automatic;
				CURRENT_PROJECT_VERSION = 1;
				GENERATE_INFOPLIST_FILE = YES;
				IPHONEOS_DEPLOYMENT_TARGET = 18.4;
				MARKETING_VERSION = 1.0;
				PRODUCT_BUNDLE_IDENTIFIER = "com.tiffanylam.ios-languageTests";
				PRODUCT_NAME = "$(TARGET_NAME)";
				SWIFT_EMIT_LOC_STRINGS = NO;
				SWIFT_VERSION = 5.0;
				TARGETED_DEVICE_FAMILY = "1,2";
				TEST_HOST = "$(BUILT_PRODUCTS_DIR)/ios-language.app/$(BUNDLE_EXECUTABLE_FOLDER_PATH)/ios-language";
			};
			name = Release;
		};
		4100C9632DC4685300C0D7B9 /* Debug */ = {
			isa = XCBuildConfiguration;
			buildSettings = {
				CODE_SIGN_STYLE = Automatic;
				CURRENT_PROJECT_VERSION = 1;
				GENERATE_INFOPLIST_FILE = YES;
				MARKETING_VERSION = 1.0;
				PRODUCT_BUNDLE_IDENTIFIER = "com.tiffanylam.ios-languageUITests";
				PRODUCT_NAME = "$(TARGET_NAME)";
				SWIFT_EMIT_LOC_STRINGS = NO;
				SWIFT_VERSION = 5.0;
				TARGETED_DEVICE_FAMILY = "1,2";
				TEST_TARGET_NAME = "ios-language";
			};
			name = Debug;
		};
		4100C9642DC4685300C0D7B9 /* Release */ = {
			isa = XCBuildConfiguration;
			buildSettings = {
				CODE_SIGN_STYLE = Automatic;
				CURRENT_PROJECT_VERSION = 1;
				GENERATE_INFOPLIST_FILE = YES;
				MARKETING_VERSION = 1.0;
				PRODUCT_BUNDLE_IDENTIFIER = "com.tiffanylam.ios-languageUITests";
				PRODUCT_NAME = "$(TARGET_NAME)";
				SWIFT_EMIT_LOC_STRINGS = NO;
				SWIFT_VERSION = 5.0;
				TARGETED_DEVICE_FAMILY = "1,2";
				TEST_TARGET_NAME = "ios-language";
			};
			name = Release;
		};
/* End XCBuildConfiguration section */

/* Begin XCConfigurationList section */
		4100C9362DC4684C00C0D7B9 /* Build configuration list for PBXProject "ios-language" */ = {
			isa = XCConfigurationList;
			buildConfigurations = (
				4100C95A2DC4685300C0D7B9 /* Debug */,
				4100C95B2DC4685300C0D7B9 /* Release */,
			);
			defaultConfigurationIsVisible = 0;
			defaultConfigurationName = Release;
		};
		4100C95C2DC4685300C0D7B9 /* Build configuration list for PBXNativeTarget "ios-language" */ = {
			isa = XCConfigurationList;
			buildConfigurations = (
				4100C95D2DC4685300C0D7B9 /* Debug */,
				4100C95E2DC4685300C0D7B9 /* Release */,
			);
			defaultConfigurationIsVisible = 0;
			defaultConfigurationName = Release;
		};
		4100C95F2DC4685300C0D7B9 /* Build configuration list for PBXNativeTarget "ios-languageTests" */ = {
			isa = XCConfigurationList;
			buildConfigurations = (
				4100C9602DC4685300C0D7B9 /* Debug */,
				4100C9612DC4685300C0D7B9 /* Release */,
			);
			defaultConfigurationIsVisible = 0;
			defaultConfigurationName = Release;
		};
		4100C9622DC4685300C0D7B9 /* Build configuration list for PBXNativeTarget "ios-languageUITests" */ = {
			isa = XCConfigurationList;
			buildConfigurations = (
				4100C9632DC4685300C0D7B9 /* Debug */,
				4100C9642DC4685300C0D7B9 /* Release */,
			);
			defaultConfigurationIsVisible = 0;
			defaultConfigurationName = Release;
		};
/* End XCConfigurationList section */
	};
	rootObject = 4100C9332DC4684C00C0D7B9 /* Project object */;
}
